
Microsoft Visual Studio Solution File, Format Version 12.00
# Visual Studio 14
VisualStudioVersion = 14.0.25420.1
MinimumVisualStudioVersion = 10.0.40219.1
Project("{FAE04EC0-301F-11D3-BF4B-00C04F79EFBC}") = "management", "maganement\management.csproj", "{EA3B57E5-E5FD-463A-B51A-82716E89828E}"
EndProject
Global
	GlobalSection(SolutionConfigurationPlatforms) = preSolution
		Debug|Any CPU = Debug|Any CPU
		Release|Any CPU = Release|Any CPU
	EndGlobalSection
	GlobalSection(ProjectConfigurationPlatforms) = postSolution
		{EA3B57E5-E5FD-463A-B51A-82716E89828E}.Debug|Any CPU.ActiveCfg = Debug|Any CPU
		{EA3B57E5-E5FD-463A-B51A-82716E89828E}.Debug|Any CPU.Build.0 = Debug|Any CPU
		{EA3B57E5-E5FD-463A-B51A-82716E89828E}.Release|Any CPU.ActiveCfg = Release|Any CPU
		{EA3B57E5-E5FD-463A-B51A-82716E89828E}.Release|Any CPU.Build.0 = Release|Any CPU
	EndGlobalSection
	GlobalSection(SolutionProperties) = preSolution
		HideSolutionNode = FALSE
	EndGlobalSection
EndGlobal
